
Microsoft Visual Studio Solution File, Format Version 12.00
# Visual Studio Version 17
VisualStudioVersion = 17.9.34622.214
MinimumVisualStudioVersion = 10.0.40219.1
Project("{FAE04EC0-301F-11D3-BF4B-00C04F79EFBC}") = "DownloadManager", "DownloadManager\DownloadManager.csproj", "{9BA5AD5A-D822-4BA2-BDDE-F607E7DAB547}"
EndProject
Global
	GlobalSection(SolutionConfigurationPlatforms) = preSolution
		Debug|Any CPU = Debug|Any CPU
		Release|Any CPU = Release|Any CPU
	EndGlobalSection
	GlobalSection(ProjectConfigurationPlatforms) = postSolution
		{9BA5AD5A-D822-4BA2-BDDE-F607E7DAB547}.Debug|Any CPU.ActiveCfg = Debug|Any CPU
		{9BA5AD5A-D822-4BA2-BDDE-F607E7DAB547}.Debug|Any CPU.Build.0 = Debug|Any CPU
		{9BA5AD5A-D822-4BA2-BDDE-F607E7DAB547}.Release|Any CPU.ActiveCfg = Release|Any CPU
		{9BA5AD5A-D822-4BA2-BDDE-F607E7DAB547}.Release|Any CPU.Build.0 = Release|Any CPU
	EndGlobalSection
	GlobalSection(SolutionProperties) = preSolution
		HideSolutionNode = FALSE
	EndGlobalSection
	GlobalSection(ExtensibilityGlobals) = postSolution
		SolutionGuid = {730E799B-A6A7-4DF4-AA4C-436E6C7413FE}
	EndGlobalSection
EndGlobal
